
Microsoft Visual Studio Solution File, Format Version 12.00
# Visual Studio Version 16
VisualStudioVersion = 16.0.32228.343
MinimumVisualStudioVersion = 10.0.40219.1
Project("{FAE04EC0-301F-11D3-BF4B-00C04F79EFBC}") = "FormUtils", "FormUtils.csproj", "{5722D7DA-3A9B-4127-A4A4-5F99513697C1}"
EndProject
Global
	GlobalSection(SolutionConfigurationPlatforms) = preSolution
		Debug|Any CPU = Debug|Any CPU
		Release|Any CPU = Release|Any CPU
	EndGlobalSection
	GlobalSection(ProjectConfigurationPlatforms) = postSolution
		{5722D7DA-3A9B-4127-A4A4-5F99513697C1}.Debug|Any CPU.ActiveCfg = Debug|Any CPU
		{5722D7DA-3A9B-4127-A4A4-5F99513697C1}.Debug|Any CPU.Build.0 = Debug|Any CPU
		{5722D7DA-3A9B-4127-A4A4-5F99513697C1}.Release|Any CPU.ActiveCfg = Release|Any CPU
		{5722D7DA-3A9B-4127-A4A4-5F99513697C1}.Release|Any CPU.Build.0 = Release|Any CPU
	EndGlobalSection
	GlobalSection(SolutionProperties) = preSolution
		HideSolutionNode = FALSE
	EndGlobalSection
	GlobalSection(ExtensibilityGlobals) = postSolution
		SolutionGuid = {6F9A00AD-4F1C-460F-A609-CA272CBE2B01}
	EndGlobalSection
EndGlobal
