
Microsoft Visual Studio Solution File, Format Version 12.00
# Visual Studio Version 16
VisualStudioVersion = 16.0.32228.343
MinimumVisualStudioVersion = 10.0.40219.1
Project("{FAE04EC0-301F-11D3-BF4B-00C04F79EFBC}") = "BusTicketExample", "BusTicketExample.csproj", "{829E798E-6FEB-49E1-91D0-CBF8E7F7404B}"
EndProject
Global
	GlobalSection(SolutionConfigurationPlatforms) = preSolution
		Debug|Any CPU = Debug|Any CPU
		Release|Any CPU = Release|Any CPU
	EndGlobalSection
	GlobalSection(ProjectConfigurationPlatforms) = postSolution
		{829E798E-6FEB-49E1-91D0-CBF8E7F7404B}.Debug|Any CPU.ActiveCfg = Debug|Any CPU
		{829E798E-6FEB-49E1-91D0-CBF8E7F7404B}.Debug|Any CPU.Build.0 = Debug|Any CPU
		{829E798E-6FEB-49E1-91D0-CBF8E7F7404B}.Release|Any CPU.ActiveCfg = Release|Any CPU
		{829E798E-6FEB-49E1-91D0-CBF8E7F7404B}.Release|Any CPU.Build.0 = Release|Any CPU
	EndGlobalSection
	GlobalSection(SolutionProperties) = preSolution
		HideSolutionNode = FALSE
	EndGlobalSection
	GlobalSection(ExtensibilityGlobals) = postSolution
		SolutionGuid = {B1DBDC95-60C5-489C-A770-70F7DCC03155}
	EndGlobalSection
EndGlobal
